PODS:
  - FlutterMacOS (1.0.0)
  - macbear_3d (0.8.0):
    - FlutterMacOS

DEPENDENCIES:
  - FlutterMacOS (from `Flutter/ephemeral`)
  - macbear_3d (from `Flutter/ephemeral/.symlinks/plugins/macbear_3d/macos`)

EXTERNAL SOURCES:
  FlutterMacOS:
    :path: Flutter/ephemeral
  macbear_3d:
    :path: Flutter/ephemeral/.symlinks/plugins/macbear_3d/macos

SPEC CHECKSUMS:
  FlutterMacOS: d0db08ddef1a9af05a5ec4b724367152bb0500b1
  macbear_3d: 701dbe77f689d224428f84b0a8f48d5f13d4f3d3

PODFILE CHECKSUM: 54d867c82ac51cbd61b565781b9fada492027009

COCOAPODS: 1.16.2
